
Microsoft Visual Studio Solution File, Format Version 12.00
# Visual Studio Version 16
VisualStudioVersion = 25.0.1704.4
MinimumVisualStudioVersion = 10.0.40219.1
Project("{FAE04EC0-301F-11D3-BF4B-00C04F79EFBC}") = "Ensembl.Data", "Ensembl.Data\Ensembl.Data.csproj", "{53E074FB-77EC-4F55-B127-9EDB378A5A7E}"
EndProject
Project("{FAE04EC0-301F-11D3-BF4B-00C04F79EFBC}") = "Ensembl.Data.Web", "Ensembl.Data.Web\Ensembl.Data.Web.csproj", "{B013A9E5-6452-4548-9087-B86A443198DD}"
EndProject
Global
	GlobalSection(SolutionConfigurationPlatforms) = preSolution
		Debug|Any CPU = Debug|Any CPU
		Release|Any CPU = Release|Any CPU
	EndGlobalSection
	GlobalSection(ProjectConfigurationPlatforms) = postSolution
		{53E074FB-77EC-4F55-B127-9EDB378A5A7E}.Debug|Any CPU.ActiveCfg = Debug|Any CPU
		{53E074FB-77EC-4F55-B127-9EDB378A5A7E}.Debug|Any CPU.Build.0 = Debug|Any CPU
		{53E074FB-77EC-4F55-B127-9EDB378A5A7E}.Release|Any CPU.ActiveCfg = Release|Any CPU
		{53E074FB-77EC-4F55-B127-9EDB378A5A7E}.Release|Any CPU.Build.0 = Release|Any CPU
		{B013A9E5-6452-4548-9087-B86A443198DD}.Debug|Any CPU.ActiveCfg = Debug|Any CPU
		{B013A9E5-6452-4548-9087-B86A443198DD}.Debug|Any CPU.Build.0 = Debug|Any CPU
		{B013A9E5-6452-4548-9087-B86A443198DD}.Release|Any CPU.ActiveCfg = Release|Any CPU
		{B013A9E5-6452-4548-9087-B86A443198DD}.Release|Any CPU.Build.0 = Release|Any CPU
	EndGlobalSection
	GlobalSection(SolutionProperties) = preSolution
		HideSolutionNode = FALSE
	EndGlobalSection
	GlobalSection(ExtensibilityGlobals) = postSolution
		SolutionGuid = {E32EB0CF-2497-43AF-AAD4-120A090B5CA5}
	EndGlobalSection
EndGlobal
